
Microsoft Visual Studio Solution File, Format Version 12.00
# Visual Studio Version 17
VisualStudioVersion = 17.0.32112.339
MinimumVisualStudioVersion = 10.0.40219.1
Project("{FAE04EC0-301F-11D3-BF4B-00C04F79EFBC}") = "PruebaMady", "PruebaMady\PruebaMady.csproj", "{98CE69F7-80B6-4222-BEAF-52635F619CD4}"
EndProject
Global
	GlobalSection(SolutionConfigurationPlatforms) = preSolution
		Debug|Any CPU = Debug|Any CPU
		Release|Any CPU = Release|Any CPU
	EndGlobalSection
	GlobalSection(ProjectConfigurationPlatforms) = postSolution
		{98CE69F7-80B6-4222-BEAF-52635F619CD4}.Debug|Any CPU.ActiveCfg = Debug|Any CPU
		{98CE69F7-80B6-4222-BEAF-52635F619CD4}.Debug|Any CPU.Build.0 = Debug|Any CPU
		{98CE69F7-80B6-4222-BEAF-52635F619CD4}.Release|Any CPU.ActiveCfg = Release|Any CPU
		{98CE69F7-80B6-4222-BEAF-52635F619CD4}.Release|Any CPU.Build.0 = Release|Any CPU
	EndGlobalSection
	GlobalSection(SolutionProperties) = preSolution
		HideSolutionNode = FALSE
	EndGlobalSection
	GlobalSection(ExtensibilityGlobals) = postSolution
		SolutionGuid = {E7C43A5B-1C55-4FB7-B497-C6C54500EE99}
	EndGlobalSection
EndGlobal
